
Microsoft Visual Studio Solution File, Format Version 12.00
# Visual Studio Version 17
VisualStudioVersion = 17.0.31903.59
MinimumVisualStudioVersion = 10.0.40219.1
Project("{2150E333-8FDC-42A3-9474-1A3956D46DE8}") = "src", "src", "{8B32DDA0-847C-4CFA-95AF-8AEC03FDD2FC}"
EndProject
Project("{FAE04EC0-301F-11D3-BF4B-00C04F79EFBC}") = "AuctionService", "src\AuctionService\AuctionService.csproj", "{83E81C12-ACCA-4373-869B-45F434AEFF37}"
EndProject
Project("{FAE04EC0-301F-11D3-BF4B-00C04F79EFBC}") = "SearchService", "src\SearchService\SearchService.csproj", "{EA62A118-69A3-4DD4-81CA-4374B3CB2378}"
EndProject
Project("{FAE04EC0-301F-11D3-BF4B-00C04F79EFBC}") = "IdentityService", "src\IdentityService\IdentityService.csproj", "{6EA7388B-65F4-4A86-AAF4-A092BCE6EF8F}"
EndProject
Project("{FAE04EC0-301F-11D3-BF4B-00C04F79EFBC}") = "GatewayService", "src\GatewayService\GatewayService.csproj", "{82615DFF-A31F-421A-BD83-F4455663F362}"
EndProject
Project("{FAE04EC0-301F-11D3-BF4B-00C04F79EFBC}") = "Contracts", "src\Contracts\Contracts.csproj", "{97177054-29F7-4194-9018-A72A2A5F22A3}"
EndProject
Project("{2150E333-8FDC-42A3-9474-1A3956D46DE8}") = "tests", "tests", "{D11C9317-A458-4CE2-9FF6-27B4C0303C3B}"
EndProject
Project("{FAE04EC0-301F-11D3-BF4B-00C04F79EFBC}") = "AuctionService.UnitTests", "tests\AuctionService.UnitTests\AuctionService.UnitTests.csproj", "{AA2D9C82-E4D2-4795-9FD0-9097F129FDA0}"
EndProject
Project("{FAE04EC0-301F-11D3-BF4B-00C04F79EFBC}") = "AuctionService.IntegrationTests", "tests\AuctionService.IntegrationTests\AuctionService.IntegrationTests.csproj", "{4287A118-56E9-4DCA-92D3-37A6B31F2F0D}"
EndProject
Project("{FAE04EC0-301F-11D3-BF4B-00C04F79EFBC}") = "BiddingService", "src\BiddingService\BiddingService.csproj", "{37EE0074-7189-409A-8DFD-C12D94C70D9A}"
EndProject
Global
	GlobalSection(SolutionConfigurationPlatforms) = preSolution
		Debug|Any CPU = Debug|Any CPU
		Release|Any CPU = Release|Any CPU
	EndGlobalSection
	GlobalSection(SolutionProperties) = preSolution
		HideSolutionNode = FALSE
	EndGlobalSection
	GlobalSection(ProjectConfigurationPlatforms) = postSolution
		{83E81C12-ACCA-4373-869B-45F434AEFF37}.Debug|Any CPU.ActiveCfg = Debug|Any CPU
		{83E81C12-ACCA-4373-869B-45F434AEFF37}.Debug|Any CPU.Build.0 = Debug|Any CPU
		{83E81C12-ACCA-4373-869B-45F434AEFF37}.Release|Any CPU.ActiveCfg = Release|Any CPU
		{83E81C12-ACCA-4373-869B-45F434AEFF37}.Release|Any CPU.Build.0 = Release|Any CPU
		{EA62A118-69A3-4DD4-81CA-4374B3CB2378}.Debug|Any CPU.ActiveCfg = Debug|Any CPU
		{EA62A118-69A3-4DD4-81CA-4374B3CB2378}.Debug|Any CPU.Build.0 = Debug|Any CPU
		{EA62A118-69A3-4DD4-81CA-4374B3CB2378}.Release|Any CPU.ActiveCfg = Release|Any CPU
		{EA62A118-69A3-4DD4-81CA-4374B3CB2378}.Release|Any CPU.Build.0 = Release|Any CPU
		{6EA7388B-65F4-4A86-AAF4-A092BCE6EF8F}.Debug|Any CPU.ActiveCfg = Debug|Any CPU
		{6EA7388B-65F4-4A86-AAF4-A092BCE6EF8F}.Debug|Any CPU.Build.0 = Debug|Any CPU
		{6EA7388B-65F4-4A86-AAF4-A092BCE6EF8F}.Release|Any CPU.ActiveCfg = Release|Any CPU
		{6EA7388B-65F4-4A86-AAF4-A092BCE6EF8F}.Release|Any CPU.Build.0 = Release|Any CPU
		{82615DFF-A31F-421A-BD83-F4455663F362}.Debug|Any CPU.ActiveCfg = Debug|Any CPU
		{82615DFF-A31F-421A-BD83-F4455663F362}.Debug|Any CPU.Build.0 = Debug|Any CPU
		{82615DFF-A31F-421A-BD83-F4455663F362}.Release|Any CPU.ActiveCfg = Release|Any CPU
		{82615DFF-A31F-421A-BD83-F4455663F362}.Release|Any CPU.Build.0 = Release|Any CPU
		{97177054-29F7-4194-9018-A72A2A5F22A3}.Debug|Any CPU.ActiveCfg = Debug|Any CPU
		{97177054-29F7-4194-9018-A72A2A5F22A3}.Debug|Any CPU.Build.0 = Debug|Any CPU
		{97177054-29F7-4194-9018-A72A2A5F22A3}.Release|Any CPU.ActiveCfg = Release|Any CPU
		{97177054-29F7-4194-9018-A72A2A5F22A3}.Release|Any CPU.Build.0 = Release|Any CPU
		{AA2D9C82-E4D2-4795-9FD0-9097F129FDA0}.Debug|Any CPU.ActiveCfg = Debug|Any CPU
		{AA2D9C82-E4D2-4795-9FD0-9097F129FDA0}.Debug|Any CPU.Build.0 = Debug|Any CPU
		{AA2D9C82-E4D2-4795-9FD0-9097F129FDA0}.Release|Any CPU.ActiveCfg = Release|Any CPU
		{AA2D9C82-E4D2-4795-9FD0-9097F129FDA0}.Release|Any CPU.Build.0 = Release|Any CPU
		{4287A118-56E9-4DCA-92D3-37A6B31F2F0D}.Debug|Any CPU.ActiveCfg = Debug|Any CPU
		{4287A118-56E9-4DCA-92D3-37A6B31F2F0D}.Debug|Any CPU.Build.0 = Debug|Any CPU
		{4287A118-56E9-4DCA-92D3-37A6B31F2F0D}.Release|Any CPU.ActiveCfg = Release|Any CPU
		{4287A118-56E9-4DCA-92D3-37A6B31F2F0D}.Release|Any CPU.Build.0 = Release|Any CPU
		{37EE0074-7189-409A-8DFD-C12D94C70D9A}.Debug|Any CPU.ActiveCfg = Debug|Any CPU
		{37EE0074-7189-409A-8DFD-C12D94C70D9A}.Debug|Any CPU.Build.0 = Debug|Any CPU
		{37EE0074-7189-409A-8DFD-C12D94C70D9A}.Release|Any CPU.ActiveCfg = Release|Any CPU
		{37EE0074-7189-409A-8DFD-C12D94C70D9A}.Release|Any CPU.Build.0 = Release|Any CPU
	EndGlobalSection
	GlobalSection(NestedProjects) = preSolution
		{83E81C12-ACCA-4373-869B-45F434AEFF37} = {8B32DDA0-847C-4CFA-95AF-8AEC03FDD2FC}
		{EA62A118-69A3-4DD4-81CA-4374B3CB2378} = {8B32DDA0-847C-4CFA-95AF-8AEC03FDD2FC}
		{6EA7388B-65F4-4A86-AAF4-A092BCE6EF8F} = {8B32DDA0-847C-4CFA-95AF-8AEC03FDD2FC}
		{82615DFF-A31F-421A-BD83-F4455663F362} = {8B32DDA0-847C-4CFA-95AF-8AEC03FDD2FC}
		{97177054-29F7-4194-9018-A72A2A5F22A3} = {8B32DDA0-847C-4CFA-95AF-8AEC03FDD2FC}
		{AA2D9C82-E4D2-4795-9FD0-9097F129FDA0} = {D11C9317-A458-4CE2-9FF6-27B4C0303C3B}
		{4287A118-56E9-4DCA-92D3-37A6B31F2F0D} = {D11C9317-A458-4CE2-9FF6-27B4C0303C3B}
		{37EE0074-7189-409A-8DFD-C12D94C70D9A} = {8B32DDA0-847C-4CFA-95AF-8AEC03FDD2FC}
	EndGlobalSection
EndGlobal
